
Microsoft Visual Studio Solution File, Format Version 12.00
# Visual Studio Version 17
VisualStudioVersion = 17.10.35122.118
MinimumVisualStudioVersion = 10.0.40219.1
Project("{9A19103F-16F7-4668-BE54-9A1E7A4F7556}") = "OOPTask3", "OOPTask3\OOPTask3.csproj", "{F7BBBDDB-ED97-4AF0-BEAC-C977FD002265}"
EndProject
Project("{9A19103F-16F7-4668-BE54-9A1E7A4F7556}") = "OOPTask3.Console", "OOPTask3.Console\OOPTask3.Console.csproj", "{29A212C7-FD90-4C92-85BA-BAC81571804D}"
EndProject
Project("{9A19103F-16F7-4668-BE54-9A1E7A4F7556}") = "OOPTask3.Tests", "OOPTask3.Tests\OOPTask3.Tests.csproj", "{523B38E1-3169-4529-8FDD-062F80EA1A4B}"
EndProject
Project("{9A19103F-16F7-4668-BE54-9A1E7A4F7556}") = "OOPTask3.WPF", "OOPTask3.WPF\OOPTask3.WPF.csproj", "{5BF27239-8E90-45D8-943C-D3F8003EAD88}"
EndProject
Project("{2150E333-8FDC-42A3-9474-1A3956D46DE8}") = "Solution Items", "Solution Items", "{F949CAE8-2292-4E70-B591-C8733FACC442}"
	ProjectSection(SolutionItems) = preProject
		.editorconfig = .editorconfig
	EndProjectSection
EndProject
Global
	GlobalSection(SolutionConfigurationPlatforms) = preSolution
		Debug|Any CPU = Debug|Any CPU
		Release|Any CPU = Release|Any CPU
	EndGlobalSection
	GlobalSection(ProjectConfigurationPlatforms) = postSolution
		{F7BBBDDB-ED97-4AF0-BEAC-C977FD002265}.Debug|Any CPU.ActiveCfg = Debug|Any CPU
		{F7BBBDDB-ED97-4AF0-BEAC-C977FD002265}.Debug|Any CPU.Build.0 = Debug|Any CPU
		{F7BBBDDB-ED97-4AF0-BEAC-C977FD002265}.Release|Any CPU.ActiveCfg = Release|Any CPU
		{F7BBBDDB-ED97-4AF0-BEAC-C977FD002265}.Release|Any CPU.Build.0 = Release|Any CPU
		{29A212C7-FD90-4C92-85BA-BAC81571804D}.Debug|Any CPU.ActiveCfg = Debug|Any CPU
		{29A212C7-FD90-4C92-85BA-BAC81571804D}.Debug|Any CPU.Build.0 = Debug|Any CPU
		{29A212C7-FD90-4C92-85BA-BAC81571804D}.Release|Any CPU.ActiveCfg = Release|Any CPU
		{29A212C7-FD90-4C92-85BA-BAC81571804D}.Release|Any CPU.Build.0 = Release|Any CPU
		{523B38E1-3169-4529-8FDD-062F80EA1A4B}.Debug|Any CPU.ActiveCfg = Debug|Any CPU
		{523B38E1-3169-4529-8FDD-062F80EA1A4B}.Debug|Any CPU.Build.0 = Debug|Any CPU
		{523B38E1-3169-4529-8FDD-062F80EA1A4B}.Release|Any CPU.ActiveCfg = Release|Any CPU
		{523B38E1-3169-4529-8FDD-062F80EA1A4B}.Release|Any CPU.Build.0 = Release|Any CPU
		{5BF27239-8E90-45D8-943C-D3F8003EAD88}.Debug|Any CPU.ActiveCfg = Debug|Any CPU
		{5BF27239-8E90-45D8-943C-D3F8003EAD88}.Debug|Any CPU.Build.0 = Debug|Any CPU
		{5BF27239-8E90-45D8-943C-D3F8003EAD88}.Release|Any CPU.ActiveCfg = Release|Any CPU
		{5BF27239-8E90-45D8-943C-D3F8003EAD88}.Release|Any CPU.Build.0 = Release|Any CPU
	EndGlobalSection
	GlobalSection(SolutionProperties) = preSolution
		HideSolutionNode = FALSE
	EndGlobalSection
	GlobalSection(ExtensibilityGlobals) = postSolution
		SolutionGuid = {00FDCCE4-422E-46D4-B64E-D1D28B43AC52}
	EndGlobalSection
EndGlobal
